
Microsoft Visual Studio Solution File, Format Version 12.00
# Visual Studio Version 16
VisualStudioVersion = 16.0.30204.135
MinimumVisualStudioVersion = 10.0.40219.1
Project("{FAE04EC0-301F-11D3-BF4B-00C04F79EFBC}") = "KSP-Hello", "KSP-Hello\KSP-Hello.csproj", "{7EF03157-9A25-41B5-AE9D-AE0E16E48393}"
EndProject
Global
	GlobalSection(SolutionConfigurationPlatforms) = preSolution
		Debug|Any CPU = Debug|Any CPU
		Release|Any CPU = Release|Any CPU
	EndGlobalSection
	GlobalSection(ProjectConfigurationPlatforms) = postSolution
		{7EF03157-9A25-41B5-AE9D-AE0E16E48393}.Debug|Any CPU.ActiveCfg = Debug|Any CPU
		{7EF03157-9A25-41B5-AE9D-AE0E16E48393}.Debug|Any CPU.Build.0 = Debug|Any CPU
		{7EF03157-9A25-41B5-AE9D-AE0E16E48393}.Release|Any CPU.ActiveCfg = Release|Any CPU
		{7EF03157-9A25-41B5-AE9D-AE0E16E48393}.Release|Any CPU.Build.0 = Release|Any CPU
	EndGlobalSection
	GlobalSection(SolutionProperties) = preSolution
		HideSolutionNode = FALSE
	EndGlobalSection
	GlobalSection(ExtensibilityGlobals) = postSolution
		SolutionGuid = {6E723DE7-045A-482B-93AD-63A5276AF5E4}
	EndGlobalSection
EndGlobal
